{
   "name": "dk.cphblinds",
   "version": "0.0.3",
   "lockfileVersion": 1,
   "requires": true,
   "dependencies": {
      "almost-equal": {
         "version": "1.1.0",
         "resolved": "https://registry.npmjs.org/almost-equal/-/almost-equal-1.1.0.tgz",
         "integrity": "sha1-+FHGMROHV5lCdqou++jfowZszN0="
      },
      "athom-api": {
         "version": "2.0.113",
         "resolved": "https://registry.npmjs.org/athom-api/-/athom-api-2.0.113.tgz",
         "integrity": "sha512-tSWkpCroy/Q3I5xhxq7Q5AOZixLn/ZTF+qr2YHyZJSsKOWTN3JwjuZyzlNDFp6r8X7uV23By7nxoDDPrA4OEvQ=="
      },
      "balanced-match": {
         "version": "1.0.0",
         "resolved": "https://registry.npmjs.org/balanced-match/-/balanced-match-1.0.0.tgz",
         "integrity": "sha1-ibTRmasr7kneFk6gK4nORi1xt2c="
      },
      "block-stream": {
         "version": "0.0.9",
         "resolved": "https://registry.npmjs.org/block-stream/-/block-stream-0.0.9.tgz",
         "integrity": "sha1-E+v+d4oDIFz+A3UUgeu0szAMEmo=",
         "requires": {
            "inherits": "2.0.3"
         }
      },
      "brace-expansion": {
         "version": "1.1.11",
         "resolved": "https://registry.npmjs.org/brace-expansion/-/brace-expansion-1.1.11.tgz",
         "integrity": "sha512-iCuPHDFgrHX7H2vEI/5xpz07zSHB00TpugqhmYtVmMO6518mCuRMoOYFldEBl0g187ufozdaHgWKcYFb61qGiA==",
         "requires": {
            "balanced-match": "1.0.0",
            "concat-map": "0.0.1"
         }
      },
      "chmodr": {
         "version": "1.0.2",
         "resolved": "https://registry.npmjs.org/chmodr/-/chmodr-1.0.2.tgz",
         "integrity": "sha1-BGYrky0PAuxm3qorDqQoEZaOPrk="
      },
      "color-space": {
         "version": "1.15.0",
         "resolved": "https://registry.npmjs.org/color-space/-/color-space-1.15.0.tgz",
         "integrity": "sha1-JiP1TBGB4P5uHP8Nh+JOsQQPWw4=",
         "requires": {
            "husl": "5.0.3",
            "mumath": "3.3.4"
         }
      },
      "concat-map": {
         "version": "0.0.1",
         "resolved": "https://registry.npmjs.org/concat-map/-/concat-map-0.0.1.tgz",
         "integrity": "sha1-2Klr13/Wjfd5OnMDajug1UBdR3s="
      },
      "core-util-is": {
         "version": "1.0.2",
         "resolved": "https://registry.npmjs.org/core-util-is/-/core-util-is-1.0.2.tgz",
         "integrity": "sha1-tf1UIgqivFq1eqtxQMlAdUUDwac="
      },
      "debug": {
         "version": "2.6.9",
         "resolved": "https://registry.npmjs.org/debug/-/debug-2.6.9.tgz",
         "integrity": "sha512-bC7ElrdJaJnPbAP+1EotYvqZsb3ecl5wi6Bfi6BJTUcNowp6cvspg0jXznRTKDjm/E7AdgFBVeAPVMNcKGsHMA==",
         "requires": {
            "ms": "2.0.0"
         }
      },
      "fs.realpath": {
         "version": "1.0.0",
         "resolved": "https://registry.npmjs.org/fs.realpath/-/fs.realpath-1.0.0.tgz",
         "integrity": "sha1-FQStJSMVjKpA20onh8sBQRmU6k8="
      },
      "fstream": {
         "version": "1.0.11",
         "resolved": "https://registry.npmjs.org/fstream/-/fstream-1.0.11.tgz",
         "integrity": "sha1-XB+x8RdHcRTwYyoOtLcbPLD9MXE=",
         "requires": {
            "graceful-fs": "4.1.11",
            "inherits": "2.0.3",
            "mkdirp": "0.5.1",
            "rimraf": "2.6.2"
         }
      },
      "fstream-ignore": {
         "version": "1.0.5",
         "resolved": "https://registry.npmjs.org/fstream-ignore/-/fstream-ignore-1.0.5.tgz",
         "integrity": "sha1-nDHa40dnAY/h0kmyTa2mfQktoQU=",
         "requires": {
            "fstream": "1.0.11",
            "inherits": "2.0.3",
            "minimatch": "3.0.4"
         }
      },
      "glob": {
         "version": "7.1.2",
         "resolved": "https://registry.npmjs.org/glob/-/glob-7.1.2.tgz",
         "integrity": "sha512-MJTUg1kjuLeQCJ+ccE4Vpa6kKVXkPYJ2mOCQyUuKLcLQsdrMCpBPUi8qVE6+YuaJkozeA9NusTAw3hLr8Xe5EQ==",
         "requires": {
            "fs.realpath": "1.0.0",
            "inflight": "1.0.6",
            "inherits": "2.0.3",
            "minimatch": "3.0.4",
            "once": "1.4.0",
            "path-is-absolute": "1.0.1"
         }
      },
      "graceful-fs": {
         "version": "4.1.11",
         "resolved": "https://registry.npmjs.org/graceful-fs/-/graceful-fs-4.1.11.tgz",
         "integrity": "sha1-Dovf5NHduIVNZOBOp8AOKgJuVlg="
      },
      "homey-app-upload-lib": {
         "version": "1.1.0",
         "resolved": "https://registry.npmjs.org/homey-app-upload-lib/-/homey-app-upload-lib-1.1.0.tgz",
         "integrity": "sha512-40edgkatv1tH//s9qSQ7KmNmZbfI8mtxn6CVfN33DTVDflnGLFufc/GELYtdBdX+v7nFjOVJuqOaUuV3dODd4w==",
         "requires": {
            "athom-api": "2.0.113",
            "chmodr": "1.0.2",
            "tar-pack": "3.4.1"
         }
      },
      "homey-meshdriver": {
         "version": "git+https://github.com/athombv/node-homey-meshdriver.git#66b56284b81f42670d6a1522b17a687d0045f48e",
         "requires": {
            "color-space": "1.15.0"
         }
      },
      "homey-syslog": {
         "version": "1.1.0",
         "resolved": "https://registry.npmjs.org/homey-syslog/-/homey-syslog-1.1.0.tgz",
         "integrity": "sha512-AjW5/GsknANPeHxk7KR3nzPOAS2/Pnbt6ypu78/9Dr56m1ryhgSWsOJCS5lVXSwPxyBAlGVs1afgLtbxKG1qKg==",
         "requires": {
            "syslog-client": "1.1.1"
         }
      },
      "husl": {
         "version": "5.0.3",
         "resolved": "https://registry.npmjs.org/husl/-/husl-5.0.3.tgz",
         "integrity": "sha1-7icqr/G+vkDfNYjtAHtw3n5nl4g="
      },
      "inflight": {
         "version": "1.0.6",
         "resolved": "https://registry.npmjs.org/inflight/-/inflight-1.0.6.tgz",
         "integrity": "sha1-Sb1jMdfQLQwJvJEKEHW6gWW1bfk=",
         "requires": {
            "once": "1.4.0",
            "wrappy": "1.0.2"
         }
      },
      "inherits": {
         "version": "2.0.3",
         "resolved": "https://registry.npmjs.org/inherits/-/inherits-2.0.3.tgz",
         "integrity": "sha1-Yzwsg+PaQqUC9SRmAiSA9CCCYd4="
      },
      "isarray": {
         "version": "1.0.0",
         "resolved": "https://registry.npmjs.org/isarray/-/isarray-1.0.0.tgz",
         "integrity": "sha1-u5NdSFgsuhaMBoNJV6VKPgcSTxE="
      },
      "minimatch": {
         "version": "3.0.4",
         "resolved": "https://registry.npmjs.org/minimatch/-/minimatch-3.0.4.tgz",
         "integrity": "sha512-yJHVQEhyqPLUTgt9B83PXu6W3rx4MvvHvSUvToogpwoGDOUQ+yDrR0HRot+yOCdCO7u4hX3pWft6kWBBcqh0UA==",
         "requires": {
            "brace-expansion": "1.1.11"
         }
      },
      "minimist": {
         "version": "0.0.8",
         "resolved": "https://registry.npmjs.org/minimist/-/minimist-0.0.8.tgz",
         "integrity": "sha1-hX/Kv8M5fSYluCKCYuhqp6ARsF0="
      },
      "mkdirp": {
         "version": "0.5.1",
         "resolved": "https://registry.npmjs.org/mkdirp/-/mkdirp-0.5.1.tgz",
         "integrity": "sha1-MAV0OOrGz3+MR2fzhkjWaX11yQM=",
         "requires": {
            "minimist": "0.0.8"
         }
      },
      "ms": {
         "version": "2.0.0",
         "resolved": "https://registry.npmjs.org/ms/-/ms-2.0.0.tgz",
         "integrity": "sha1-VgiurfwAvmwpAd9fmGF4jeDVl8g="
      },
      "mumath": {
         "version": "3.3.4",
         "resolved": "https://registry.npmjs.org/mumath/-/mumath-3.3.4.tgz",
         "integrity": "sha1-SNSg8P2MrU57Mglu6JsWGmPTC78=",
         "requires": {
            "almost-equal": "1.1.0"
         }
      },
      "once": {
         "version": "1.4.0",
         "resolved": "https://registry.npmjs.org/once/-/once-1.4.0.tgz",
         "integrity": "sha1-WDsap3WWHUsROsF9nFC6753Xa9E=",
         "requires": {
            "wrappy": "1.0.2"
         }
      },
      "path-is-absolute": {
         "version": "1.0.1",
         "resolved": "https://registry.npmjs.org/path-is-absolute/-/path-is-absolute-1.0.1.tgz",
         "integrity": "sha1-F0uSaHNVNP+8es5r9TpanhtcX18="
      },
      "process-nextick-args": {
         "version": "2.0.0",
         "resolved": "https://registry.npmjs.org/process-nextick-args/-/process-nextick-args-2.0.0.tgz",
         "integrity": "sha512-MtEC1TqN0EU5nephaJ4rAtThHtC86dNN9qCuEhtshvpVBkAW5ZO7BASN9REnF9eoXGcRub+pFuKEpOHE+HbEMw=="
      },
      "readable-stream": {
         "version": "2.3.5",
         "resolved": "https://registry.npmjs.org/readable-stream/-/readable-stream-2.3.5.tgz",
         "integrity": "sha512-tK0yDhrkygt/knjowCUiWP9YdV7c5R+8cR0r/kt9ZhBU906Fs6RpQJCEilamRJj1Nx2rWI6LkW9gKqjTkshhEw==",
         "requires": {
            "core-util-is": "1.0.2",
            "inherits": "2.0.3",
            "isarray": "1.0.0",
            "process-nextick-args": "2.0.0",
            "safe-buffer": "5.1.1",
            "string_decoder": "1.0.3",
            "util-deprecate": "1.0.2"
         }
      },
      "rimraf": {
         "version": "2.6.2",
         "resolved": "https://registry.npmjs.org/rimraf/-/rimraf-2.6.2.tgz",
         "integrity": "sha512-lreewLK/BlghmxtfH36YYVg1i8IAce4TI7oao75I1g245+6BctqTVQiBP3YUJ9C6DQOXJmkYR9X9fCLtCOJc5w==",
         "requires": {
            "glob": "7.1.2"
         }
      },
      "safe-buffer": {
         "version": "5.1.1",
         "resolved": "https://registry.npmjs.org/safe-buffer/-/safe-buffer-5.1.1.tgz",
         "integrity": "sha512-kKvNJn6Mm93gAczWVJg7wH+wGYWNrDHdWvpUmHyEsgCtIwwo3bqPtV4tR5tuPaUhTOo/kvhVwd8XwwOllGYkbg=="
      },
      "string_decoder": {
         "version": "1.0.3",
         "resolved": "https://registry.npmjs.org/string_decoder/-/string_decoder-1.0.3.tgz",
         "integrity": "sha512-4AH6Z5fzNNBcH+6XDMfA/BTt87skxqJlO0lAh3Dker5zThcAxG6mKz+iGu308UKoPPQ8Dcqx/4JhujzltRa+hQ==",
         "requires": {
            "safe-buffer": "5.1.1"
         }
      },
      "syslog-client": {
         "version": "1.1.1",
         "resolved": "https://registry.npmjs.org/syslog-client/-/syslog-client-1.1.1.tgz",
         "integrity": "sha1-vbKN47W36yihE1LsPreOVa7Sq2s="
      },
      "tar": {
         "version": "2.2.1",
         "resolved": "https://registry.npmjs.org/tar/-/tar-2.2.1.tgz",
         "integrity": "sha1-jk0qJWwOIYXGsYrWlK7JaLg8sdE=",
         "requires": {
            "block-stream": "0.0.9",
            "fstream": "1.0.11",
            "inherits": "2.0.3"
         }
      },
      "tar-pack": {
         "version": "3.4.1",
         "resolved": "https://registry.npmjs.org/tar-pack/-/tar-pack-3.4.1.tgz",
         "integrity": "sha512-PPRybI9+jM5tjtCbN2cxmmRU7YmqT3Zv/UDy48tAh2XRkLa9bAORtSWLkVc13+GJF+cdTh1yEnHEk3cpTaL5Kg==",
         "requires": {
            "debug": "2.6.9",
            "fstream": "1.0.11",
            "fstream-ignore": "1.0.5",
            "once": "1.4.0",
            "readable-stream": "2.3.5",
            "rimraf": "2.6.2",
            "tar": "2.2.1",
            "uid-number": "0.0.6"
         }
      },
      "uid-number": {
         "version": "0.0.6",
         "resolved": "https://registry.npmjs.org/uid-number/-/uid-number-0.0.6.tgz",
         "integrity": "sha1-DqEOgDXo61uOREnwbaHHMGY7qoE="
      },
      "util-deprecate": {
         "version": "1.0.2",
         "resolved": "https://registry.npmjs.org/util-deprecate/-/util-deprecate-1.0.2.tgz",
         "integrity": "sha1-RQ1Nyfpw3nMnYvvS1KKJgUGaDM8="
      },
      "wrappy": {
         "version": "1.0.2",
         "resolved": "https://registry.npmjs.org/wrappy/-/wrappy-1.0.2.tgz",
         "integrity": "sha1-tSQ9jz7BqjXxNkYFvA0QNuMKtp8="
      }
   }
}
